
Microsoft Visual Studio Solution File, Format Version 12.00
# Visual Studio 15
VisualStudioVersion = 15.0.26430.14
MinimumVisualStudioVersion = 10.0.40219.1
Project("{2150E333-8FDC-42A3-9474-1A3956D46DE8}") = "Framework", "Framework", "{A8C5934B-38F4-49D4-A0E2-9A8F3F2945D3}"
EndProject
Project("{8BC9CEB8-8B4A-11D0-8D11-00A0C91BC942}") = "BasicX", "BasicX\BasicX.vcxproj", "{E745E25C-0143-42AC-A486-1395A4C972AE}"
EndProject
Project("{8BC9CEB8-8B4A-11D0-8D11-00A0C91BC942}") = "309_FinalProject", "309_FinalProject\309_FinalProject.vcxproj", "{8E0459FF-3BB0-446C-A15B-D8478F301225}"
EndProject
Global
	GlobalSection(SolutionConfigurationPlatforms) = preSolution
		Debug|x86 = Debug|x86
		Release|x86 = Release|x86
	EndGlobalSection
	GlobalSection(ProjectConfigurationPlatforms) = postSolution
		{E745E25C-0143-42AC-A486-1395A4C972AE}.Debug|x86.ActiveCfg = Debug|Win32
		{E745E25C-0143-42AC-A486-1395A4C972AE}.Debug|x86.Build.0 = Debug|Win32
		{E745E25C-0143-42AC-A486-1395A4C972AE}.Debug|x86.Deploy.0 = Debug|Win32
		{E745E25C-0143-42AC-A486-1395A4C972AE}.Release|x86.ActiveCfg = Release|Win32
		{E745E25C-0143-42AC-A486-1395A4C972AE}.Release|x86.Build.0 = Release|Win32
		{E745E25C-0143-42AC-A486-1395A4C972AE}.Release|x86.Deploy.0 = Release|Win32
		{8E0459FF-3BB0-446C-A15B-D8478F301225}.Debug|x86.ActiveCfg = Debug|Win32
		{8E0459FF-3BB0-446C-A15B-D8478F301225}.Debug|x86.Build.0 = Debug|Win32
		{8E0459FF-3BB0-446C-A15B-D8478F301225}.Release|x86.ActiveCfg = Release|Win32
		{8E0459FF-3BB0-446C-A15B-D8478F301225}.Release|x86.Build.0 = Release|Win32
	EndGlobalSection
	GlobalSection(SolutionProperties) = preSolution
		HideSolutionNode = FALSE
	EndGlobalSection
	GlobalSection(NestedProjects) = preSolution
		{E745E25C-0143-42AC-A486-1395A4C972AE} = {A8C5934B-38F4-49D4-A0E2-9A8F3F2945D3}
	EndGlobalSection
	GlobalSection(ExtensibilityGlobals) = postSolution
		SolutionGuid = {A36545A6-DAAA-4856-BDB7-57C29F88BC6B}
	EndGlobalSection
EndGlobal
